
Microsoft Visual Studio Solution File, Format Version 12.00
# Visual Studio Version 16
VisualStudioVersion = 16.0.30523.141
MinimumVisualStudioVersion = 10.0.40219.1
Project("{FAE04EC0-301F-11D3-BF4B-00C04F79EFBC}") = "Hobbies", "Hobbies.csproj", "{B4FE98EB-B616-4027-8D0A-319122B219AD}"
EndProject
Global
	GlobalSection(SolutionConfigurationPlatforms) = preSolution
		Debug|Any CPU = Debug|Any CPU
		Release|Any CPU = Release|Any CPU
	EndGlobalSection
	GlobalSection(ProjectConfigurationPlatforms) = postSolution
		{B4FE98EB-B616-4027-8D0A-319122B219AD}.Debug|Any CPU.ActiveCfg = Debug|Any CPU
		{B4FE98EB-B616-4027-8D0A-319122B219AD}.Debug|Any CPU.Build.0 = Debug|Any CPU
		{B4FE98EB-B616-4027-8D0A-319122B219AD}.Release|Any CPU.ActiveCfg = Release|Any CPU
		{B4FE98EB-B616-4027-8D0A-319122B219AD}.Release|Any CPU.Build.0 = Release|Any CPU
	EndGlobalSection
	GlobalSection(SolutionProperties) = preSolution
		HideSolutionNode = FALSE
	EndGlobalSection
	GlobalSection(ExtensibilityGlobals) = postSolution
		SolutionGuid = {5C764C1F-9DB8-4F77-ACC2-E37175EFE192}
	EndGlobalSection
EndGlobal
