
Microsoft Visual Studio Solution File, Format Version 12.00
# Visual Studio Version 16
VisualStudioVersion = 16.0.30523.141
MinimumVisualStudioVersion = 10.0.40219.1
Project("{FAE04EC0-301F-11D3-BF4B-00C04F79EFBC}") = "MoneyMaker", "MoneyMaker.csproj", "{463DB847-818F-4E2B-ABD6-4E75E508E026}"
EndProject
Global
	GlobalSection(SolutionConfigurationPlatforms) = preSolution
		Debug|Any CPU = Debug|Any CPU
		Release|Any CPU = Release|Any CPU
	EndGlobalSection
	GlobalSection(ProjectConfigurationPlatforms) = postSolution
		{463DB847-818F-4E2B-ABD6-4E75E508E026}.Debug|Any CPU.ActiveCfg = Debug|Any CPU
		{463DB847-818F-4E2B-ABD6-4E75E508E026}.Debug|Any CPU.Build.0 = Debug|Any CPU
		{463DB847-818F-4E2B-ABD6-4E75E508E026}.Release|Any CPU.ActiveCfg = Release|Any CPU
		{463DB847-818F-4E2B-ABD6-4E75E508E026}.Release|Any CPU.Build.0 = Release|Any CPU
	EndGlobalSection
	GlobalSection(SolutionProperties) = preSolution
		HideSolutionNode = FALSE
	EndGlobalSection
	GlobalSection(ExtensibilityGlobals) = postSolution
		SolutionGuid = {EF62BF52-8CA3-4FCF-A630-D9AF8318AF0F}
	EndGlobalSection
EndGlobal
