
Microsoft Visual Studio Solution File, Format Version 12.00
# Visual Studio Version 16
VisualStudioVersion = 16.0.30611.23
MinimumVisualStudioVersion = 10.0.40219.1
Project("{FAE04EC0-301F-11D3-BF4B-00C04F79EFBC}") = "PasswordChecker", "PasswordChecker.csproj", "{56F8D394-59D6-4387-8F59-2AF52877B003}"
EndProject
Global
	GlobalSection(SolutionConfigurationPlatforms) = preSolution
		Debug|Any CPU = Debug|Any CPU
		Release|Any CPU = Release|Any CPU
	EndGlobalSection
	GlobalSection(ProjectConfigurationPlatforms) = postSolution
		{56F8D394-59D6-4387-8F59-2AF52877B003}.Debug|Any CPU.ActiveCfg = Debug|Any CPU
		{56F8D394-59D6-4387-8F59-2AF52877B003}.Debug|Any CPU.Build.0 = Debug|Any CPU
		{56F8D394-59D6-4387-8F59-2AF52877B003}.Release|Any CPU.ActiveCfg = Release|Any CPU
		{56F8D394-59D6-4387-8F59-2AF52877B003}.Release|Any CPU.Build.0 = Release|Any CPU
	EndGlobalSection
	GlobalSection(SolutionProperties) = preSolution
		HideSolutionNode = FALSE
	EndGlobalSection
	GlobalSection(ExtensibilityGlobals) = postSolution
		SolutionGuid = {059FEA47-34F2-443D-A47A-71AD3011E5CB}
	EndGlobalSection
EndGlobal
