
Microsoft Visual Studio Solution File, Format Version 12.00
# Visual Studio Version 16
VisualStudioVersion = 16.0.30523.141
MinimumVisualStudioVersion = 10.0.40219.1
Project("{FAE04EC0-301F-11D3-BF4B-00C04F79EFBC}") = "Caesar Cipher", "Caesar Cipher.csproj", "{20FDED07-54D3-46A6-8EA1-25D099AC00AD}"
EndProject
Global
	GlobalSection(SolutionConfigurationPlatforms) = preSolution
		Debug|Any CPU = Debug|Any CPU
		Release|Any CPU = Release|Any CPU
	EndGlobalSection
	GlobalSection(ProjectConfigurationPlatforms) = postSolution
		{20FDED07-54D3-46A6-8EA1-25D099AC00AD}.Debug|Any CPU.ActiveCfg = Debug|Any CPU
		{20FDED07-54D3-46A6-8EA1-25D099AC00AD}.Debug|Any CPU.Build.0 = Debug|Any CPU
		{20FDED07-54D3-46A6-8EA1-25D099AC00AD}.Release|Any CPU.ActiveCfg = Release|Any CPU
		{20FDED07-54D3-46A6-8EA1-25D099AC00AD}.Release|Any CPU.Build.0 = Release|Any CPU
	EndGlobalSection
	GlobalSection(SolutionProperties) = preSolution
		HideSolutionNode = FALSE
	EndGlobalSection
	GlobalSection(ExtensibilityGlobals) = postSolution
		SolutionGuid = {39032D84-41E6-480A-BA59-EBA98C3BC5AD}
	EndGlobalSection
EndGlobal
